
Microsoft Visual Studio Solution File, Format Version 12.00
# Visual Studio Version 17
VisualStudioVersion = 17.11.35222.181
MinimumVisualStudioVersion = 10.0.40219.1
Project("{9A19103F-16F7-4668-BE54-9A1E7A4F7556}") = "StockManagement.Domain", "StockManagement.Domain\StockManagement.Domain.csproj", "{EE6B30FB-4B3A-4D0A-AC1C-B896D5E9C8FD}"
EndProject
Project("{9A19103F-16F7-4668-BE54-9A1E7A4F7556}") = "StockManagement.Infrastructure", "StockManagement.Infrastructure\StockManagement.Infrastructure.csproj", "{7F55C975-4E64-4295-A750-70D5EC494CE3}"
EndProject
Project("{9A19103F-16F7-4668-BE54-9A1E7A4F7556}") = "StockManagement.Application", "StockManagement.Application\StockManagement.Application.csproj", "{399D93FB-ADA4-40B9-B604-15B0B554CE59}"
EndProject
Project("{9A19103F-16F7-4668-BE54-9A1E7A4F7556}") = "StockManagement.Web", "StockManagement.Web\StockManagement.Web.csproj", "{669D68E4-6212-4332-A394-61BCFC64658D}"
EndProject
Global
	GlobalSection(SolutionConfigurationPlatforms) = preSolution
		Debug|Any CPU = Debug|Any CPU
		Release|Any CPU = Release|Any CPU
	EndGlobalSection
	GlobalSection(ProjectConfigurationPlatforms) = postSolution
		{EE6B30FB-4B3A-4D0A-AC1C-B896D5E9C8FD}.Debug|Any CPU.ActiveCfg = Debug|Any CPU
		{EE6B30FB-4B3A-4D0A-AC1C-B896D5E9C8FD}.Debug|Any CPU.Build.0 = Debug|Any CPU
		{EE6B30FB-4B3A-4D0A-AC1C-B896D5E9C8FD}.Release|Any CPU.ActiveCfg = Release|Any CPU
		{EE6B30FB-4B3A-4D0A-AC1C-B896D5E9C8FD}.Release|Any CPU.Build.0 = Release|Any CPU
		{7F55C975-4E64-4295-A750-70D5EC494CE3}.Debug|Any CPU.ActiveCfg = Debug|Any CPU
		{7F55C975-4E64-4295-A750-70D5EC494CE3}.Debug|Any CPU.Build.0 = Debug|Any CPU
		{7F55C975-4E64-4295-A750-70D5EC494CE3}.Release|Any CPU.ActiveCfg = Release|Any CPU
		{7F55C975-4E64-4295-A750-70D5EC494CE3}.Release|Any CPU.Build.0 = Release|Any CPU
		{399D93FB-ADA4-40B9-B604-15B0B554CE59}.Debug|Any CPU.ActiveCfg = Debug|Any CPU
		{399D93FB-ADA4-40B9-B604-15B0B554CE59}.Debug|Any CPU.Build.0 = Debug|Any CPU
		{399D93FB-ADA4-40B9-B604-15B0B554CE59}.Release|Any CPU.ActiveCfg = Release|Any CPU
		{399D93FB-ADA4-40B9-B604-15B0B554CE59}.Release|Any CPU.Build.0 = Release|Any CPU
		{669D68E4-6212-4332-A394-61BCFC64658D}.Debug|Any CPU.ActiveCfg = Debug|Any CPU
		{669D68E4-6212-4332-A394-61BCFC64658D}.Debug|Any CPU.Build.0 = Debug|Any CPU
		{669D68E4-6212-4332-A394-61BCFC64658D}.Release|Any CPU.ActiveCfg = Release|Any CPU
		{669D68E4-6212-4332-A394-61BCFC64658D}.Release|Any CPU.Build.0 = Release|Any CPU
	EndGlobalSection
	GlobalSection(SolutionProperties) = preSolution
		HideSolutionNode = FALSE
	EndGlobalSection
	GlobalSection(ExtensibilityGlobals) = postSolution
		SolutionGuid = {4304B59E-5426-4660-B020-0CB149035395}
	EndGlobalSection
EndGlobal
